
Microsoft Visual Studio Solution File, Format Version 12.00
# Visual Studio Version 16
VisualStudioVersion = 16.0.30011.22
MinimumVisualStudioVersion = 10.0.40219.1
Project("{888888A0-9F3D-457C-B088-3A5042F75D52}") = "Ch 2 Classes", "Ch 2 Classes.pyproj", "{E333F172-6930-4CC7-86F2-F5EB635E383C}"
EndProject
Global
	GlobalSection(SolutionConfigurationPlatforms) = preSolution
		Debug|Any CPU = Debug|Any CPU
		Release|Any CPU = Release|Any CPU
	EndGlobalSection
	GlobalSection(ProjectConfigurationPlatforms) = postSolution
		{E333F172-6930-4CC7-86F2-F5EB635E383C}.Debug|Any CPU.ActiveCfg = Debug|Any CPU
		{E333F172-6930-4CC7-86F2-F5EB635E383C}.Release|Any CPU.ActiveCfg = Release|Any CPU
	EndGlobalSection
	GlobalSection(SolutionProperties) = preSolution
		HideSolutionNode = FALSE
	EndGlobalSection
	GlobalSection(ExtensibilityGlobals) = postSolution
		SolutionGuid = {8514D550-404A-48D1-BE69-D4F886838F52}
	EndGlobalSection
EndGlobal
