
Microsoft Visual Studio Solution File, Format Version 12.00
# Visual Studio Version 16
VisualStudioVersion = 16.0.30011.22
MinimumVisualStudioVersion = 10.0.40219.1
Project("{888888A0-9F3D-457C-B088-3A5042F75D52}") = "Ch 2 Conditional Structures", "Ch 2 Conditional Structures.pyproj", "{6CF17DCE-0939-4134-A597-AB676BD73BC2}"
EndProject
Global
	GlobalSection(SolutionConfigurationPlatforms) = preSolution
		Debug|Any CPU = Debug|Any CPU
		Release|Any CPU = Release|Any CPU
	EndGlobalSection
	GlobalSection(ProjectConfigurationPlatforms) = postSolution
		{6CF17DCE-0939-4134-A597-AB676BD73BC2}.Debug|Any CPU.ActiveCfg = Debug|Any CPU
		{6CF17DCE-0939-4134-A597-AB676BD73BC2}.Release|Any CPU.ActiveCfg = Release|Any CPU
	EndGlobalSection
	GlobalSection(SolutionProperties) = preSolution
		HideSolutionNode = FALSE
	EndGlobalSection
	GlobalSection(ExtensibilityGlobals) = postSolution
		SolutionGuid = {19585713-092F-453B-B0C2-8EF0933A313E}
	EndGlobalSection
EndGlobal
